// !$*UTF8*$!
{
	archiveVersion = 1;
	classes = {
	};
	objectVersion = 46;
	objects = {

/* Begin PBXBuildFile section */
		67CF09181D27369000FDE539 /* CoreLocation.framework in Frameworks */ = {isa = PBXBuildFile; fileRef = 67CF09171D27369000FDE539 /* CoreLocation.framework */; };
		67F838021D245E80003DBDC0 /* AppDelegate.swift in Sources */ = {isa = PBXBuildFile; fileRef = 67F838011D245E80003DBDC0 /* AppDelegate.swift */; };
		67F838041D245E80003DBDC0 /* ViewController.swift in Sources */ = {isa = PBXBuildFile; fileRef = 67F838031D245E80003DBDC0 /* ViewController.swift */; };
		67F838071D245E80003DBDC0 /* Main.storyboard in Resources */ = {isa = PBXBuildFile; fileRef = 67F838051D245E80003DBDC0 /* Main.storyboard */; };
		67F838091D245E80003DBDC0 /* Assets.xcassets in Resources */ = {isa = PBXBuildFile; fileRef = 67F838081D245E80003DBDC0 /* Assets.xcassets */; };
		67F8380C1D245E80003DBDC0 /* LaunchScreen.storyboard in Resources */ = {isa = PBXBuildFile; fileRef = 67F8380A1D245E80003DBDC0 /* LaunchScreen.storyboard */; };
/* End PBXBuildFile section */

/* Begin PBXFileReference section */
		67CF09171D27369000FDE539 /* CoreLocation.framework */ = {isa = PBXFileReference; lastKnownFileType = wrapper.framework; name = CoreLocation.framework; path = System/Library/Frameworks/CoreLocation.framework; sourceTree = SDKROOT; };
		67F837FE1D245E80003DBDC0 /* mapDemo.app */ = {isa = PBXFileReference; explicitFileType = wrapper.application; includeInIndex = 0; path = mapDemo.app; sourceTree = BUILT_PRODUCTS_DIR; };
		67F838011D245E80003DBDC0 /* AppDelegate.swift */ = {isa = PBXFileReference; lastKnownFileType = sourcecode.swift; path = AppDelegate.swift; sourceTree = "<group>"; };
		67F838031D245E80003DBDC0 /* ViewController.swift */ = {isa = PBXFileReference; lastKnownFileType = sourcecode.swift; path = ViewController.swift; sourceTree = "<group>"; };
		67F838061D245E80003DBDC0 /* Base */ = {isa = PBXFileReference; lastKnownFileType = file.storyboard; name = Base; path = Base.lproj/Main.storyboard; sourceTree = "<group>"; };
		67F838081D245E80003DBDC0 /* Assets.xcassets */ = {isa = PBXFileReference; lastKnownFileType = folder.assetcatalog; path = Assets.xcassets; sourceTree = "<group>"; };
		67F8380B1D245E80003DBDC0 /* Base */ = {isa = PBXFileReference; lastKnownFileType = file.storyboard; name = Base; path = Base.lproj/LaunchScreen.storyboard; sourceTree = "<group>"; };
		67F8380D1D245E80003DBDC0 /* Info.plist */ = {isa = PBXFileReference; lastKnownFileType = text.plist.xml; path = Info.plist; sourceTree = "<group>"; };
/* End PBXFileReference section */

/* Begin PBXFrameworksBuildPhase section */
		67F837FB1D245E80003DBDC0 /* Frameworks */ = {
			isa = PBXFrameworksBuildPhase;
			buildActionMask = 2147483647;
			files = (
				67CF09181D27369000FDE539 /* CoreLocation.framework in Frameworks */,
			);
			runOnlyForDeploymentPostprocessing = 0;
		};
/* End PBXFrameworksBuildPhase section */

/* Begin PBXGroup section */
		67F837F51D245E80003DBDC0 = {
			isa = PBXGroup;
			children = (
				67CF09171D27369000FDE539 /* CoreLocation.framework */,
				67F838001D245E80003DBDC0 /* mapDemo */,
				67F837FF1D245E80003DBDC0 /* Products */,
			);
			sourceTree = "<group>";
		};
		67F837FF1D245E80003DBDC0 /* Products */ = {
			isa = PBXGroup;
			children = (
				67F837FE1D245E80003DBDC0 /* mapDemo.app */,
			);
			name = Products;
			sourceTree = "<group>";
		};
		67F838001D245E80003DBDC0 /* mapDemo */ = {
			isa = PBXGroup;
			children = (
				67F838011D245E80003DBDC0 /* AppDelegate.swift */,
				67F838031D245E80003DBDC0 /* ViewController.swift */,
				67F838051D245E80003DBDC0 /* Main.storyboard */,
				67F838081D245E80003DBDC0 /* Assets.xcassets */,
				67F8380A1D245E80003DBDC0 /* LaunchScreen.storyboard */,
				67F8380D1D245E80003DBDC0 /* Info.plist */,
			);
			path = mapDemo;
			sourceTree = "<group>";
		};
/* End PBXGroup section */

/* Begin PBXNativeTarget section */
		67F837FD1D245E80003DBDC0 /* mapDemo */ = {
			isa = PBXNativeTarget;
			buildConfigurationList = 67F838101D245E80003DBDC0 /* Build configuration list for PBXNativeTarget "mapDemo" */;
			buildPhases = (
				67F837FA1D245E80003DBDC0 /* Sources */,
				67F837FB1D245E80003DBDC0 /* Frameworks */,
				67F837FC1D245E80003DBDC0 /* Resources */,
			);
			buildRules = (
			);
			dependencies = (
			);
			name = mapDemo;
			productName = mapDemo;
			productReference = 67F837FE1D245E80003DBDC0 /* mapDemo.app */;
			productType = "com.apple.product-type.application";
		};
/* End PBXNativeTarget section */

/* Begin PBXProject section */
		67F837F61D245E80003DBDC0 /* Project object */ = {
			isa = PBXProject;
			attributes = {
				LastSwiftUpdateCheck = 0730;
				LastUpgradeCheck = 0730;
				ORGANIZATIONNAME = "Kaylan Smith";
				TargetAttributes = {
					67F837FD1D245E80003DBDC0 = {
						CreatedOnToolsVersion = 7.3.1;
					};
				};
			};
			buildConfigurationList = 67F837F91D245E80003DBDC0 /* Build configuration list for PBXProject "mapDemo" */;
			compatibilityVersion = "Xcode 3.2";
			developmentRegion = English;
			hasScannedForEncodings = 0;
			knownRegions = (
				en,
				Base,
			);
			mainGroup = 67F837F51D245E80003DBDC0;
			productRefGroup = 67F837FF1D245E80003DBDC0 /* Products */;
			projectDirPath = "";
			projectRoot = "";
			targets = (
				67F837FD1D245E80003DBDC0 /* mapDemo */,
			);
		};
/* End PBXProject section */

/* Begin PBXResourcesBuildPhase section */
		67F837FC1D245E80003DBDC0 /* Resources */ = {
			isa = PBXResourcesBuildPhase;
			buildActionMask = 2147483647;
			files = (
				67F8380C1D245E80003DBDC0 /* LaunchScreen.storyboard in Resources */,
				67F838091D245E80003DBDC0 /* Assets.xcassets in Resources */,
				67F838071D245E80003DBDC0 /* Main.storyboard in Resources */,
			);
			runOnlyForDeploymentPostprocessing = 0;
		};
/* End PBXResourcesBuildPhase section */

/* Begin PBXSourcesBuildPhase section */
		67F837FA1D245E80003DBDC0 /* Sources */ = {
			isa = PBXSourcesBuildPhase;
			buildActionMask = 2147483647;
			files = (
				67F838041D245E80003DBDC0 /* ViewController.swift in Sources */,
				67F838021D245E80003DBDC0 /* AppDelegate.swift in Sources */,
			);
			runOnlyForDeploymentPostprocessing = 0;
		};
/* End PBXSourcesBuildPhase section */

/* Begin PBXVariantGroup section */
		67F838051D245E80003DBDC0 /* Main.storyboard */ = {
			isa = PBXVariantGroup;
			children = (
				67F838061D245E80003DBDC0 /* Base */,
			);
			name = Main.storyboard;
			sourceTree = "<group>";
		};
		67F8380A1D245E80003DBDC0 /* LaunchScreen.storyboard */ = {
			isa = PBXVariantGroup;
			children = (
				67F8380B1D245E80003DBDC0 /* Base */,
			);
			name = LaunchScreen.storyboard;
			sourceTree = "<group>";
		};
/* End PBXVariantGroup section */

/* Begin XCBuildConfiguration section */
		67F8380E1D245E80003DBDC0 /* Debug */ = {
			isa = XCBuildConfiguration;
			buildSettings = {
				ALWAYS_SEARCH_USER_PATHS = NO;
				CLANG_ANALYZER_NONNULL = YES;
				CLANG_CXX_LANGUAGE_STANDARD = "gnu++0x";
				CLANG_CXX_LIBRARY = "libc++";
				CLANG_ENABLE_MODULES = YES;
				CLANG_ENABLE_OBJC_ARC = YES;
				CLANG_WARN_BOOL_CONVERSION = YES;
				CLANG_WARN_CONSTANT_CONVERSION = YES;
				CLANG_WARN_DIRECT_OBJC_ISA_USAGE = YES_ERROR;
				CLANG_WARN_EMPTY_BODY = YES;
				CLANG_WARN_ENUM_CONVERSION = YES;
				CLANG_WARN_INT_CONVERSION = YES;
				CLANG_WARN_OBJC_ROOT_CLASS = YES_ERROR;
				CLANG_WARN_UNREACHABLE_CODE = YES;
				CLANG_WARN__DUPLICATE_METHOD_MATCH = YES;
				"CODE_SIGN_IDENTITY[sdk=iphoneos*]" = "iPhone Developer";
				COPY_PHASE_STRIP = NO;
				DEBUG_INFORMATION_FORMAT = dwarf;
				ENABLE_STRICT_OBJC_MSGSEND = YES;
				ENABLE_TESTABILITY = YES;
				GCC_C_LANGUAGE_STANDARD = gnu99;
				GCC_DYNAMIC_NO_PIC = NO;
				GCC_NO_COMMON_BLOCKS = YES;
				GCC_OPTIMIZATION_LEVEL = 0;
				GCC_PREPROCESSOR_DEFINITIONS = (
					"DEBUG=1",
					"$(inherited)",
				);
				GCC_WARN_64_TO_32_BIT_CONVERSION = YES;
				GCC_WARN_ABOUT_RETURN_TYPE = YES_ERROR;
				GCC_WARN_UNDECLARED_SELECTOR = YES;
				GCC_WARN_UNINITIALIZED_AUTOS = YES_AGGRESSIVE;
				GCC_WARN_UNUSED_FUNCTION = YES;
				GCC_WARN_UNUSED_VARIABLE = YES;
				IPHONEOS_DEPLOYMENT_TARGET = 9.3;
				MTL_ENABLE_DEBUG_INFO = YES;
				ONLY_ACTIVE_ARCH = YES;
				SDKROOT = iphoneos;
				SWIFT_OPTIMIZATION_LEVEL = "-Onone";
			};
			name = Debug;
		};
		67F8380F1D245E80003DBDC0 /* Release */ = {
			isa = XCBuildConfiguration;
			buildSettings = {
				ALWAYS_SEARCH_USER_PATHS = NO;
				CLANG_ANALYZER_NONNULL = YES;
				CLANG_CXX_LANGUAGE_STANDARD = "gnu++0x";
				CLANG_CXX_LIBRARY = "libc++";
				CLANG_ENABLE_MODULES = YES;
				CLANG_ENABLE_OBJC_ARC = YES;
				CLANG_WARN_BOOL_CONVERSION = YES;
				CLANG_WARN_CONSTANT_CONVERSION = YES;
				CLANG_WARN_DIRECT_OBJC_ISA_USAGE = YES_ERROR;
				CLANG_WARN_EMPTY_BODY = YES;
				CLANG_WARN_ENUM_CONVERSION = YES;
				CLANG_WARN_INT_CONVERSION = YES;
				CLANG_WARN_OBJC_ROOT_CLASS = YES_ERROR;
				CLANG_WARN_UNREACHABLE_CODE = YES;
				CLANG_WARN__DUPLICATE_METHOD_MATCH = YES;
				"CODE_SIGN_IDENTITY[sdk=iphoneos*]" = "iPhone Developer";
				COPY_PHASE_STRIP = NO;
				DEBUG_INFORMATION_FORMAT = "dwarf-with-dsym";
				ENABLE_NS_ASSERTIONS = NO;
				ENABLE_STRICT_OBJC_MSGSEND = YES;
				GCC_C_LANGUAGE_STANDARD = gnu99;
				GCC_NO_COMMON_BLOCKS = YES;
				GCC_WARN_64_TO_32_BIT_CONVERSION = YES;
				GCC_WARN_ABOUT_RETURN_TYPE = YES_ERROR;
				GCC_WARN_UNDECLARED_SELECTOR = YES;
				GCC_WARN_UNINITIALIZED_AUTOS = YES_AGGRESSIVE;
				GCC_WARN_UNUSED_FUNCTION = YES;
				GCC_WARN_UNUSED_VARIABLE = YES;
				IPHONEOS_DEPLOYMENT_TARGET = 9.3;
				MTL_ENABLE_DEBUG_INFO = NO;
				SDKROOT = iphoneos;
				VALIDATE_PRODUCT = YES;
			};
			name = Release;
		};
		67F838111D245E80003DBDC0 /* Debug */ = {
			isa = XCBuildConfiguration;
			buildSettings = {
				ASSETCATALOG_COMPILER_APPICON_NAME = AppIcon;
				INFOPLIST_FILE = mapDemo/Info.plist;
				LD_RUNPATH_SEARCH_PATHS = "$(inherited) @executable_path/Frameworks";
				PRODUCT_BUNDLE_IDENTIFIER = com.kaylansmith.mapDemo;
				PRODUCT_NAME = "$(TARGET_NAME)";
			};
			name = Debug;
		};
		67F838121D245E80003DBDC0 /* Release */ = {
			isa = XCBuildConfiguration;
			buildSettings = {
				ASSETCATALOG_COMPILER_APPICON_NAME = AppIcon;
				INFOPLIST_FILE = mapDemo/Info.plist;
				LD_RUNPATH_SEARCH_PATHS = "$(inherited) @executable_path/Frameworks";
				PRODUCT_BUNDLE_IDENTIFIER = com.kaylansmith.mapDemo;
				PRODUCT_NAME = "$(TARGET_NAME)";
			};
			name = Release;
		};
/* End XCBuildConfiguration section */

/* Begin XCConfigurationList section */
		67F837F91D245E80003DBDC0 /* Build configuration list for PBXProject "mapDemo" */ = {
			isa = XCConfigurationList;
			buildConfigurations = (
				67F8380E1D245E80003DBDC0 /* Debug */,
				67F8380F1D245E80003DBDC0 /* Release */,
			);
			defaultConfigurationIsVisible = 0;
			defaultConfigurationName = Release;
		};
		67F838101D245E80003DBDC0 /* Build configuration list for PBXNativeTarget "mapDemo" */ = {
			isa = XCConfigurationList;
			buildConfigurations = (
				67F838111D245E80003DBDC0 /* Debug */,
				67F838121D245E80003DBDC0 /* Release */,
			);
			defaultConfigurationIsVisible = 0;
			defaultConfigurationName = Release;
		};
/* End XCConfigurationList section */
	};
	rootObject = 67F837F61D245E80003DBDC0 /* Project object */;
}
